// !$*UTF8*$!
{
	archiveVersion = 1;
	classes = {
	};
	objectVersion = 50;
	objects = {

/* Begin PBXBuildFile section */
		D4293CDD219DD73B00099332 /* AppDelegate.swift in Sources */ = {isa = PBXBuildFile; fileRef = D4293CDC219DD73B00099332 /* AppDelegate.swift */; };
		D4293CDF219DD73B00099332 /* ViewController.swift in Sources */ = {isa = PBXBuildFile; fileRef = D4293CDE219DD73B00099332 /* ViewController.swift */; };
		D4293CE2219DD73B00099332 /* Main.storyboard in Resources */ = {isa = PBXBuildFile; fileRef = D4293CE0219DD73B00099332 /* Main.storyboard */; };
		D4293CE4219DD73D00099332 /* Assets.xcassets in Resources */ = {isa = PBXBuildFile; fileRef = D4293CE3219DD73D00099332 /* Assets.xcassets */; };
		D4293CE7219DD73E00099332 /* LaunchScreen.storyboard in Resources */ = {isa = PBXBuildFile; fileRef = D4293CE5219DD73E00099332 /* LaunchScreen.storyboard */; };
		D4293CEF219DDB1200099332 /* Player.swift in Sources */ = {isa = PBXBuildFile; fileRef = D4293CEE219DDB1200099332 /* Player.swift */; };
		D4293CF1219DF25F00099332 /* JogadorTableViewCell.swift in Sources */ = {isa = PBXBuildFile; fileRef = D4293CF0219DF25F00099332 /* JogadorTableViewCell.swift */; };
		D42F4D3221A04EF100E01AA4 /* AdicionarJogadorViewController.swift in Sources */ = {isa = PBXBuildFile; fileRef = D42F4D3121A04EF100E01AA4 /* AdicionarJogadorViewController.swift */; };
/* End PBXBuildFile section */

/* Begin PBXFileReference section */
		D4293CD9219DD73B00099332 /* ProjetoTableView.app */ = {isa = PBXFileReference; explicitFileType = wrapper.application; includeInIndex = 0; path = ProjetoTableView.app; sourceTree = BUILT_PRODUCTS_DIR; };
		D4293CDC219DD73B00099332 /* AppDelegate.swift */ = {isa = PBXFileReference; lastKnownFileType = sourcecode.swift; path = AppDelegate.swift; sourceTree = "<group>"; };
		D4293CDE219DD73B00099332 /* ViewController.swift */ = {isa = PBXFileReference; lastKnownFileType = sourcecode.swift; path = ViewController.swift; sourceTree = "<group>"; };
		D4293CE1219DD73B00099332 /* Base */ = {isa = PBXFileReference; lastKnownFileType = file.storyboard; name = Base; path = Base.lproj/Main.storyboard; sourceTree = "<group>"; };
		D4293CE3219DD73D00099332 /* Assets.xcassets */ = {isa = PBXFileReference; lastKnownFileType = folder.assetcatalog; path = Assets.xcassets; sourceTree = "<group>"; };
		D4293CE6219DD73E00099332 /* Base */ = {isa = PBXFileReference; lastKnownFileType = file.storyboard; name = Base; path = Base.lproj/LaunchScreen.storyboard; sourceTree = "<group>"; };
		D4293CE8219DD73E00099332 /* Info.plist */ = {isa = PBXFileReference; lastKnownFileType = text.plist.xml; path = Info.plist; sourceTree = "<group>"; };
		D4293CEE219DDB1200099332 /* Player.swift */ = {isa = PBXFileReference; lastKnownFileType = sourcecode.swift; path = Player.swift; sourceTree = "<group>"; };
		D4293CF0219DF25F00099332 /* JogadorTableViewCell.swift */ = {isa = PBXFileReference; lastKnownFileType = sourcecode.swift; path = JogadorTableViewCell.swift; sourceTree = "<group>"; };
		D42F4D3121A04EF100E01AA4 /* AdicionarJogadorViewController.swift */ = {isa = PBXFileReference; lastKnownFileType = sourcecode.swift; path = AdicionarJogadorViewController.swift; sourceTree = "<group>"; };
/* End PBXFileReference section */

/* Begin PBXFrameworksBuildPhase section */
		D4293CD6219DD73B00099332 /* Frameworks */ = {
			isa = PBXFrameworksBuildPhase;
			buildActionMask = 2147483647;
			files = (
			);
			runOnlyForDeploymentPostprocessing = 0;
		};
/* End PBXFrameworksBuildPhase section */

/* Begin PBXGroup section */
		D4293CD0219DD73B00099332 = {
			isa = PBXGroup;
			children = (
				D4293CDB219DD73B00099332 /* ProjetoTableView */,
				D4293CDA219DD73B00099332 /* Products */,
			);
			sourceTree = "<group>";
		};
		D4293CDA219DD73B00099332 /* Products */ = {
			isa = PBXGroup;
			children = (
				D4293CD9219DD73B00099332 /* ProjetoTableView.app */,
			);
			name = Products;
			sourceTree = "<group>";
		};
		D4293CDB219DD73B00099332 /* ProjetoTableView */ = {
			isa = PBXGroup;
			children = (
				D4293CDC219DD73B00099332 /* AppDelegate.swift */,
				D4293CDE219DD73B00099332 /* ViewController.swift */,
				D4293CF0219DF25F00099332 /* JogadorTableViewCell.swift */,
				D4293CE0219DD73B00099332 /* Main.storyboard */,
				D4293CE3219DD73D00099332 /* Assets.xcassets */,
				D4293CE5219DD73E00099332 /* LaunchScreen.storyboard */,
				D4293CE8219DD73E00099332 /* Info.plist */,
				D4293CEE219DDB1200099332 /* Player.swift */,
				D42F4D3121A04EF100E01AA4 /* AdicionarJogadorViewController.swift */,
			);
			path = ProjetoTableView;
			sourceTree = "<group>";
		};
/* End PBXGroup section */

/* Begin PBXNativeTarget section */
		D4293CD8219DD73B00099332 /* ProjetoTableView */ = {
			isa = PBXNativeTarget;
			buildConfigurationList = D4293CEB219DD73E00099332 /* Build configuration list for PBXNativeTarget "ProjetoTableView" */;
			buildPhases = (
				D4293CD5219DD73B00099332 /* Sources */,
				D4293CD6219DD73B00099332 /* Frameworks */,
				D4293CD7219DD73B00099332 /* Resources */,
			);
			buildRules = (
			);
			dependencies = (
			);
			name = ProjetoTableView;
			productName = ProjetoTableView;
			productReference = D4293CD9219DD73B00099332 /* ProjetoTableView.app */;
			productType = "com.apple.product-type.application";
		};
/* End PBXNativeTarget section */

/* Begin PBXProject section */
		D4293CD1219DD73B00099332 /* Project object */ = {
			isa = PBXProject;
			attributes = {
				LastSwiftUpdateCheck = 1010;
				LastUpgradeCheck = 1010;
				TargetAttributes = {
					D4293CD8219DD73B00099332 = {
						CreatedOnToolsVersion = 10.1;
					};
				};
			};
			buildConfigurationList = D4293CD4219DD73B00099332 /* Build configuration list for PBXProject "ProjetoTableView" */;
			compatibilityVersion = "Xcode 9.3";
			developmentRegion = en;
			hasScannedForEncodings = 0;
			knownRegions = (
				en,
				Base,
			);
			mainGroup = D4293CD0219DD73B00099332;
			productRefGroup = D4293CDA219DD73B00099332 /* Products */;
			projectDirPath = "";
			projectRoot = "";
			targets = (
				D4293CD8219DD73B00099332 /* ProjetoTableView */,
			);
		};
/* End PBXProject section */

/* Begin PBXResourcesBuildPhase section */
		D4293CD7219DD73B00099332 /* Resources */ = {
			isa = PBXResourcesBuildPhase;
			buildActionMask = 2147483647;
			files = (
				D4293CE7219DD73E00099332 /* LaunchScreen.storyboard in Resources */,
				D4293CE4219DD73D00099332 /* Assets.xcassets in Resources */,
				D4293CE2219DD73B00099332 /* Main.storyboard in Resources */,
			);
			runOnlyForDeploymentPostprocessing = 0;
		};
/* End PBXResourcesBuildPhase section */

/* Begin PBXSourcesBuildPhase section */
		D4293CD5219DD73B00099332 /* Sources */ = {
			isa = PBXSourcesBuildPhase;
			buildActionMask = 2147483647;
			files = (
				D4293CDF219DD73B00099332 /* ViewController.swift in Sources */,
				D4293CEF219DDB1200099332 /* Player.swift in Sources */,
				D42F4D3221A04EF100E01AA4 /* AdicionarJogadorViewController.swift in Sources */,
				D4293CF1219DF25F00099332 /* JogadorTableViewCell.swift in Sources */,
				D4293CDD219DD73B00099332 /* AppDelegate.swift in Sources */,
			);
			runOnlyForDeploymentPostprocessing = 0;
		};
/* End PBXSourcesBuildPhase section */

/* Begin PBXVariantGroup section */
		D4293CE0219DD73B00099332 /* Main.storyboard */ = {
			isa = PBXVariantGroup;
			children = (
				D4293CE1219DD73B00099332 /* Base */,
			);
			name = Main.storyboard;
			sourceTree = "<group>";
		};
		D4293CE5219DD73E00099332 /* LaunchScreen.storyboard */ = {
			isa = PBXVariantGroup;
			children = (
				D4293CE6219DD73E00099332 /* Base */,
			);
			name = LaunchScreen.storyboard;
			sourceTree = "<group>";
		};
/* End PBXVariantGroup section */

/* Begin XCBuildConfiguration section */
		D4293CE9219DD73E00099332 /* Debug */ = {
			isa = XCBuildConfiguration;
			buildSettings = {
				ALWAYS_SEARCH_USER_PATHS = NO;
				CLANG_ANALYZER_NONNULL = YES;
				CLANG_ANALYZER_NUMBER_OBJECT_CONVERSION = YES_AGGRESSIVE;
				CLANG_CXX_LANGUAGE_STANDARD = "gnu++14";
				CLANG_CXX_LIBRARY = "libc++";
				CLANG_ENABLE_MODULES = YES;
				CLANG_ENABLE_OBJC_ARC = YES;
				CLANG_ENABLE_OBJC_WEAK = YES;
				CLANG_WARN_BLOCK_CAPTURE_AUTORELEASING = YES;
				CLANG_WARN_BOOL_CONVERSION = YES;
				CLANG_WARN_COMMA = YES;
				CLANG_WARN_CONSTANT_CONVERSION = YES;
				CLANG_WARN_DEPRECATED_OBJC_IMPLEMENTATIONS = YES;
				CLANG_WARN_DIRECT_OBJC_ISA_USAGE = YES_ERROR;
				CLANG_WARN_DOCUMENTATION_COMMENTS = YES;
				CLANG_WARN_EMPTY_BODY = YES;
				CLANG_WARN_ENUM_CONVERSION = YES;
				CLANG_WARN_INFINITE_RECURSION = YES;
				CLANG_WARN_INT_CONVERSION = YES;
				CLANG_WARN_NON_LITERAL_NULL_CONVERSION = YES;
				CLANG_WARN_OBJC_IMPLICIT_RETAIN_SELF = YES;
				CLANG_WARN_OBJC_LITERAL_CONVERSION = YES;
				CLANG_WARN_OBJC_ROOT_CLASS = YES_ERROR;
				CLANG_WARN_RANGE_LOOP_ANALYSIS = YES;
				CLANG_WARN_STRICT_PROTOTYPES = YES;
				CLANG_WARN_SUSPICIOUS_MOVE = YES;
				CLANG_WARN_UNGUARDED_AVAILABILITY = YES_AGGRESSIVE;
				CLANG_WARN_UNREACHABLE_CODE = YES;
				CLANG_WARN__DUPLICATE_METHOD_MATCH = YES;
				CODE_SIGN_IDENTITY = "iPhone Developer";
				COPY_PHASE_STRIP = NO;
				DEBUG_INFORMATION_FORMAT = dwarf;
				ENABLE_STRICT_OBJC_MSGSEND = YES;
				ENABLE_TESTABILITY = YES;
				GCC_C_LANGUAGE_STANDARD = gnu11;
				GCC_DYNAMIC_NO_PIC = NO;
				GCC_NO_COMMON_BLOCKS = YES;
				GCC_OPTIMIZATION_LEVEL = 0;
				GCC_PREPROCESSOR_DEFINITIONS = (
					"DEBUG=1",
					"$(inherited)",
				);
				GCC_WARN_64_TO_32_BIT_CONVERSION = YES;
				GCC_WARN_ABOUT_RETURN_TYPE = YES_ERROR;
				GCC_WARN_UNDECLARED_SELECTOR = YES;
				GCC_WARN_UNINITIALIZED_AUTOS = YES_AGGRESSIVE;
				GCC_WARN_UNUSED_FUNCTION = YES;
				GCC_WARN_UNUSED_VARIABLE = YES;
				IPHONEOS_DEPLOYMENT_TARGET = 12.1;
				MTL_ENABLE_DEBUG_INFO = INCLUDE_SOURCE;
				MTL_FAST_MATH = YES;
				ONLY_ACTIVE_ARCH = YES;
				SDKROOT = iphoneos;
				SWIFT_ACTIVE_COMPILATION_CONDITIONS = DEBUG;
				SWIFT_OPTIMIZATION_LEVEL = "-Onone";
			};
			name = Debug;
		};
		D4293CEA219DD73E00099332 /* Release */ = {
			isa = XCBuildConfiguration;
			buildSettings = {
				ALWAYS_SEARCH_USER_PATHS = NO;
				CLANG_ANALYZER_NONNULL = YES;
				CLANG_ANALYZER_NUMBER_OBJECT_CONVERSION = YES_AGGRESSIVE;
				CLANG_CXX_LANGUAGE_STANDARD = "gnu++14";
				CLANG_CXX_LIBRARY = "libc++";
				CLANG_ENABLE_MODULES = YES;
				CLANG_ENABLE_OBJC_ARC = YES;
				CLANG_ENABLE_OBJC_WEAK = YES;
				CLANG_WARN_BLOCK_CAPTURE_AUTORELEASING = YES;
				CLANG_WARN_BOOL_CONVERSION = YES;
				CLANG_WARN_COMMA = YES;
				CLANG_WARN_CONSTANT_CONVERSION = YES;
				CLANG_WARN_DEPRECATED_OBJC_IMPLEMENTATIONS = YES;
				CLANG_WARN_DIRECT_OBJC_ISA_USAGE = YES_ERROR;
				CLANG_WARN_DOCUMENTATION_COMMENTS = YES;
				CLANG_WARN_EMPTY_BODY = YES;
				CLANG_WARN_ENUM_CONVERSION = YES;
				CLANG_WARN_INFINITE_RECURSION = YES;
				CLANG_WARN_INT_CONVERSION = YES;
				CLANG_WARN_NON_LITERAL_NULL_CONVERSION = YES;
				CLANG_WARN_OBJC_IMPLICIT_RETAIN_SELF = YES;
				CLANG_WARN_OBJC_LITERAL_CONVERSION = YES;
				CLANG_WARN_OBJC_ROOT_CLASS = YES_ERROR;
				CLANG_WARN_RANGE_LOOP_ANALYSIS = YES;
				CLANG_WARN_STRICT_PROTOTYPES = YES;
				CLANG_WARN_SUSPICIOUS_MOVE = YES;
				CLANG_WARN_UNGUARDED_AVAILABILITY = YES_AGGRESSIVE;
				CLANG_WARN_UNREACHABLE_CODE = YES;
				CLANG_WARN__DUPLICATE_METHOD_MATCH = YES;
				CODE_SIGN_IDENTITY = "iPhone Developer";
				COPY_PHASE_STRIP = NO;
				DEBUG_INFORMATION_FORMAT = "dwarf-with-dsym";
				ENABLE_NS_ASSERTIONS = NO;
				ENABLE_STRICT_OBJC_MSGSEND = YES;
				GCC_C_LANGUAGE_STANDARD = gnu11;
				GCC_NO_COMMON_BLOCKS = YES;
				GCC_WARN_64_TO_32_BIT_CONVERSION = YES;
				GCC_WARN_ABOUT_RETURN_TYPE = YES_ERROR;
				GCC_WARN_UNDECLARED_SELECTOR = YES;
				GCC_WARN_UNINITIALIZED_AUTOS = YES_AGGRESSIVE;
				GCC_WARN_UNUSED_FUNCTION = YES;
				GCC_WARN_UNUSED_VARIABLE = YES;
				IPHONEOS_DEPLOYMENT_TARGET = 12.1;
				MTL_ENABLE_DEBUG_INFO = NO;
				MTL_FAST_MATH = YES;
				SDKROOT = iphoneos;
				SWIFT_COMPILATION_MODE = wholemodule;
				SWIFT_OPTIMIZATION_LEVEL = "-O";
				VALIDATE_PRODUCT = YES;
			};
			name = Release;
		};
		D4293CEC219DD73E00099332 /* Debug */ = {
			isa = XCBuildConfiguration;
			buildSettings = {
				ASSETCATALOG_COMPILER_APPICON_NAME = AppIcon;
				CODE_SIGN_STYLE = Automatic;
				DEVELOPMENT_TEAM = A975LQD622;
				INFOPLIST_FILE = ProjetoTableView/Info.plist;
				LD_RUNPATH_SEARCH_PATHS = (
					"$(inherited)",
					"@executable_path/Frameworks",
				);
				PRODUCT_BUNDLE_IDENTIFIER = VTR.ProjetoTableView;
				PRODUCT_NAME = "$(TARGET_NAME)";
				SWIFT_VERSION = 4.2;
				TARGETED_DEVICE_FAMILY = "1,2";
			};
			name = Debug;
		};
		D4293CED219DD73E00099332 /* Release */ = {
			isa = XCBuildConfiguration;
			buildSettings = {
				ASSETCATALOG_COMPILER_APPICON_NAME = AppIcon;
				CODE_SIGN_STYLE = Automatic;
				DEVELOPMENT_TEAM = A975LQD622;
				INFOPLIST_FILE = ProjetoTableView/Info.plist;
				LD_RUNPATH_SEARCH_PATHS = (
					"$(inherited)",
					"@executable_path/Frameworks",
				);
				PRODUCT_BUNDLE_IDENTIFIER = VTR.ProjetoTableView;
				PRODUCT_NAME = "$(TARGET_NAME)";
				SWIFT_VERSION = 4.2;
				TARGETED_DEVICE_FAMILY = "1,2";
			};
			name = Release;
		};
/* End XCBuildConfiguration section */

/* Begin XCConfigurationList section */
		D4293CD4219DD73B00099332 /* Build configuration list for PBXProject "ProjetoTableView" */ = {
			isa = XCConfigurationList;
			buildConfigurations = (
				D4293CE9219DD73E00099332 /* Debug */,
				D4293CEA219DD73E00099332 /* Release */,
			);
			defaultConfigurationIsVisible = 0;
			defaultConfigurationName = Release;
		};
		D4293CEB219DD73E00099332 /* Build configuration list for PBXNativeTarget "ProjetoTableView" */ = {
			isa = XCConfigurationList;
			buildConfigurations = (
				D4293CEC219DD73E00099332 /* Debug */,
				D4293CED219DD73E00099332 /* Release */,
			);
			defaultConfigurationIsVisible = 0;
			defaultConfigurationName = Release;
		};
/* End XCConfigurationList section */
	};
	rootObject = D4293CD1219DD73B00099332 /* Project object */;
}
